// !$*UTF8*$!
{
	archiveVersion = 1;
	classes = {
	};
	objectVersion = 51;
	objects = {

/* Begin PBXBuildFile section */
		163682A824716F4000C2804E /* AppDelegate.swift in Sources */ = {isa = PBXBuildFile; fileRef = 163682A724716F4000C2804E /* AppDelegate.swift */; };
		163682AA24716F4000C2804E /* SceneDelegate.swift in Sources */ = {isa = PBXBuildFile; fileRef = 163682A924716F4000C2804E /* SceneDelegate.swift */; };
		163682AC24716F4000C2804E /* ViewController.swift in Sources */ = {isa = PBXBuildFile; fileRef = 163682AB24716F4000C2804E /* ViewController.swift */; };
		163682AF24716F4000C2804E /* Main.storyboard in Resources */ = {isa = PBXBuildFile; fileRef = 163682AD24716F4000C2804E /* Main.storyboard */; };
		163682B124716F4100C2804E /* Assets.xcassets in Resources */ = {isa = PBXBuildFile; fileRef = 163682B024716F4100C2804E /* Assets.xcassets */; };
		163682B424716F4100C2804E /* LaunchScreen.storyboard in Resources */ = {isa = PBXBuildFile; fileRef = 163682B224716F4100C2804E /* LaunchScreen.storyboard */; };
		54F1C6CCB7B671CF04A5493A /* Pods_Mogit.framework in Frameworks */ = {isa = PBXBuildFile; fileRef = CB8BA7E9654861A3F1BFC9E8 /* Pods_Mogit.framework */; };
/* End PBXBuildFile section */

/* Begin PBXFileReference section */
		163682A424716F4000C2804E /* Mogit.app */ = {isa = PBXFileReference; explicitFileType = wrapper.application; includeInIndex = 0; path = Mogit.app; sourceTree = BUILT_PRODUCTS_DIR; };
		163682A724716F4000C2804E /* AppDelegate.swift */ = {isa = PBXFileReference; lastKnownFileType = sourcecode.swift; path = AppDelegate.swift; sourceTree = "<group>"; };
		163682A924716F4000C2804E /* SceneDelegate.swift */ = {isa = PBXFileReference; lastKnownFileType = sourcecode.swift; path = SceneDelegate.swift; sourceTree = "<group>"; };
		163682AB24716F4000C2804E /* ViewController.swift */ = {isa = PBXFileReference; lastKnownFileType = sourcecode.swift; path = ViewController.swift; sourceTree = "<group>"; };
		163682AE24716F4000C2804E /* Base */ = {isa = PBXFileReference; lastKnownFileType = file.storyboard; name = Base; path = Base.lproj/Main.storyboard; sourceTree = "<group>"; };
		163682B024716F4100C2804E /* Assets.xcassets */ = {isa = PBXFileReference; lastKnownFileType = folder.assetcatalog; path = Assets.xcassets; sourceTree = "<group>"; };
		163682B324716F4100C2804E /* Base */ = {isa = PBXFileReference; lastKnownFileType = file.storyboard; name = Base; path = Base.lproj/LaunchScreen.storyboard; sourceTree = "<group>"; };
		163682B524716F4100C2804E /* Info.plist */ = {isa = PBXFileReference; lastKnownFileType = text.plist.xml; path = Info.plist; sourceTree = "<group>"; };
		9CDB06FD22EE5F54991AA9AE /* Pods-Mogit.release.xcconfig */ = {isa = PBXFileReference; includeInIndex = 1; lastKnownFileType = text.xcconfig; name = "Pods-Mogit.release.xcconfig"; path = "Target Support Files/Pods-Mogit/Pods-Mogit.release.xcconfig"; sourceTree = "<group>"; };
		A6C404588E2E09880B475BFB /* Pods-Mogit.debug.xcconfig */ = {isa = PBXFileReference; includeInIndex = 1; lastKnownFileType = text.xcconfig; name = "Pods-Mogit.debug.xcconfig"; path = "Target Support Files/Pods-Mogit/Pods-Mogit.debug.xcconfig"; sourceTree = "<group>"; };
		CB8BA7E9654861A3F1BFC9E8 /* Pods_Mogit.framework */ = {isa = PBXFileReference; explicitFileType = wrapper.framework; includeInIndex = 0; path = Pods_Mogit.framework; sourceTree = BUILT_PRODUCTS_DIR; };
/* End PBXFileReference section */

/* Begin PBXFrameworksBuildPhase section */
		163682A124716F4000C2804E /* Frameworks */ = {
			isa = PBXFrameworksBuildPhase;
			buildActionMask = 2147483647;
			files = (
				54F1C6CCB7B671CF04A5493A /* Pods_Mogit.framework in Frameworks */,
			);
			runOnlyForDeploymentPostprocessing = 0;
		};
/* End PBXFrameworksBuildPhase section */

/* Begin PBXGroup section */
		115FA921C8DB249BDF0CEA0F /* Frameworks */ = {
			isa = PBXGroup;
			children = (
				CB8BA7E9654861A3F1BFC9E8 /* Pods_Mogit.framework */,
			);
			name = Frameworks;
			sourceTree = "<group>";
		};
		1636829B24716F4000C2804E = {
			isa = PBXGroup;
			children = (
				163682A624716F4000C2804E /* Mogit */,
				163682A524716F4000C2804E /* Products */,
				FE9FB790479CE552E2FEF6F2 /* Pods */,
				115FA921C8DB249BDF0CEA0F /* Frameworks */,
			);
			sourceTree = "<group>";
		};
		163682A524716F4000C2804E /* Products */ = {
			isa = PBXGroup;
			children = (
				163682A424716F4000C2804E /* Mogit.app */,
			);
			name = Products;
			sourceTree = "<group>";
		};
		163682A624716F4000C2804E /* Mogit */ = {
			isa = PBXGroup;
			children = (
				163682A724716F4000C2804E /* AppDelegate.swift */,
				163682C72471706700C2804E /* Flow */,
				163682C62471704E00C2804E /* Supporting files */,
			);
			path = Mogit;
			sourceTree = "<group>";
		};
		163682C62471704E00C2804E /* Supporting files */ = {
			isa = PBXGroup;
			children = (
				163682B224716F4100C2804E /* LaunchScreen.storyboard */,
				163682A924716F4000C2804E /* SceneDelegate.swift */,
				163682B024716F4100C2804E /* Assets.xcassets */,
				163682B524716F4100C2804E /* Info.plist */,
			);
			path = "Supporting files";
			sourceTree = "<group>";
		};
		163682C72471706700C2804E /* Flow */ = {
			isa = PBXGroup;
			children = (
				163682AB24716F4000C2804E /* ViewController.swift */,
				163682AD24716F4000C2804E /* Main.storyboard */,
			);
			path = Flow;
			sourceTree = "<group>";
		};
		FE9FB790479CE552E2FEF6F2 /* Pods */ = {
			isa = PBXGroup;
			children = (
				A6C404588E2E09880B475BFB /* Pods-Mogit.debug.xcconfig */,
				9CDB06FD22EE5F54991AA9AE /* Pods-Mogit.release.xcconfig */,
			);
			path = Pods;
			sourceTree = "<group>";
		};
/* End PBXGroup section */

/* Begin PBXNativeTarget section */
		163682A324716F4000C2804E /* Mogit */ = {
			isa = PBXNativeTarget;
			buildConfigurationList = 163682B824716F4100C2804E /* Build configuration list for PBXNativeTarget "Mogit" */;
			buildPhases = (
				73F44D5B6953AEDBF2ADE816 /* [CP] Check Pods Manifest.lock */,
				163682A024716F4000C2804E /* Sources */,
				163682A124716F4000C2804E /* Frameworks */,
				163682A224716F4000C2804E /* Resources */,
				C6D7F6959C6DD82050E7FE00 /* [CP] Embed Pods Frameworks */,
			);
			buildRules = (
			);
			dependencies = (
			);
			name = Mogit;
			productName = Mogit;
			productReference = 163682A424716F4000C2804E /* Mogit.app */;
			productType = "com.apple.product-type.application";
		};
/* End PBXNativeTarget section */

/* Begin PBXProject section */
		1636829C24716F4000C2804E /* Project object */ = {
			isa = PBXProject;
			attributes = {
				LastSwiftUpdateCheck = 1140;
				LastUpgradeCheck = 1140;
				ORGANIZATIONNAME = "Jan Provazník";
				TargetAttributes = {
					163682A324716F4000C2804E = {
						CreatedOnToolsVersion = 11.4.1;
					};
				};
			};
			buildConfigurationList = 1636829F24716F4000C2804E /* Build configuration list for PBXProject "Mogit" */;
			compatibilityVersion = "Xcode 9.3";
			developmentRegion = en;
			hasScannedForEncodings = 0;
			knownRegions = (
				en,
				Base,
			);
			mainGroup = 1636829B24716F4000C2804E;
			productRefGroup = 163682A524716F4000C2804E /* Products */;
			projectDirPath = "";
			projectRoot = "";
			targets = (
				163682A324716F4000C2804E /* Mogit */,
			);
		};
/* End PBXProject section */

/* Begin PBXResourcesBuildPhase section */
		163682A224716F4000C2804E /* Resources */ = {
			isa = PBXResourcesBuildPhase;
			buildActionMask = 2147483647;
			files = (
				163682B424716F4100C2804E /* LaunchScreen.storyboard in Resources */,
				163682B124716F4100C2804E /* Assets.xcassets in Resources */,
				163682AF24716F4000C2804E /* Main.storyboard in Resources */,
			);
			runOnlyForDeploymentPostprocessing = 0;
		};
/* End PBXResourcesBuildPhase section */

/* Begin PBXShellScriptBuildPhase section */
		73F44D5B6953AEDBF2ADE816 /* [CP] Check Pods Manifest.lock */ = {
			isa = PBXShellScriptBuildPhase;
			buildActionMask = 2147483647;
			files = (
			);
			inputFileListPaths = (
			);
			inputPaths = (
				"${PODS_PODFILE_DIR_PATH}/Podfile.lock",
				"${PODS_ROOT}/Manifest.lock",
			);
			name = "[CP] Check Pods Manifest.lock";
			outputFileListPaths = (
			);
			outputPaths = (
				"$(DERIVED_FILE_DIR)/Pods-Mogit-checkManifestLockResult.txt",
			);
			runOnlyForDeploymentPostprocessing = 0;
			shellPath = /bin/sh;
			shellScript = "diff \"${PODS_PODFILE_DIR_PATH}/Podfile.lock\" \"${PODS_ROOT}/Manifest.lock\" > /dev/null\nif [ $? != 0 ] ; then\n    # print error to STDERR\n    echo \"error: The sandbox is not in sync with the Podfile.lock. Run 'pod install' or update your CocoaPods installation.\" >&2\n    exit 1\nfi\n# This output is used by Xcode 'outputs' to avoid re-running this script phase.\necho \"SUCCESS\" > \"${SCRIPT_OUTPUT_FILE_0}\"\n";
			showEnvVarsInLog = 0;
		};
		C6D7F6959C6DD82050E7FE00 /* [CP] Embed Pods Frameworks */ = {
			isa = PBXShellScriptBuildPhase;
			buildActionMask = 2147483647;
			files = (
			);
			inputFileListPaths = (
				"${PODS_ROOT}/Target Support Files/Pods-Mogit/Pods-Mogit-frameworks-${CONFIGURATION}-input-files.xcfilelist",
			);
			name = "[CP] Embed Pods Frameworks";
			outputFileListPaths = (
				"${PODS_ROOT}/Target Support Files/Pods-Mogit/Pods-Mogit-frameworks-${CONFIGURATION}-output-files.xcfilelist",
			);
			runOnlyForDeploymentPostprocessing = 0;
			shellPath = /bin/sh;
			shellScript = "\"${PODS_ROOT}/Target Support Files/Pods-Mogit/Pods-Mogit-frameworks.sh\"\n";
			showEnvVarsInLog = 0;
		};
/* End PBXShellScriptBuildPhase section */

/* Begin PBXSourcesBuildPhase section */
		163682A024716F4000C2804E /* Sources */ = {
			isa = PBXSourcesBuildPhase;
			buildActionMask = 2147483647;
			files = (
				163682AC24716F4000C2804E /* ViewController.swift in Sources */,
				163682A824716F4000C2804E /* AppDelegate.swift in Sources */,
				163682AA24716F4000C2804E /* SceneDelegate.swift in Sources */,
			);
			runOnlyForDeploymentPostprocessing = 0;
		};
/* End PBXSourcesBuildPhase section */

/* Begin PBXVariantGroup section */
		163682AD24716F4000C2804E /* Main.storyboard */ = {
			isa = PBXVariantGroup;
			children = (
				163682AE24716F4000C2804E /* Base */,
			);
			name = Main.storyboard;
			sourceTree = "<group>";
		};
		163682B224716F4100C2804E /* LaunchScreen.storyboard */ = {
			isa = PBXVariantGroup;
			children = (
				163682B324716F4100C2804E /* Base */,
			);
			name = LaunchScreen.storyboard;
			sourceTree = "<group>";
		};
/* End PBXVariantGroup section */

/* Begin XCBuildConfiguration section */
		163682B624716F4100C2804E /* Debug */ = {
			isa = XCBuildConfiguration;
			buildSettings = {
				ALWAYS_SEARCH_USER_PATHS = NO;
				CLANG_ANALYZER_NONNULL = YES;
				CLANG_ANALYZER_NUMBER_OBJECT_CONVERSION = YES_AGGRESSIVE;
				CLANG_CXX_LANGUAGE_STANDARD = "gnu++14";
				CLANG_CXX_LIBRARY = "libc++";
				CLANG_ENABLE_MODULES = YES;
				CLANG_ENABLE_OBJC_ARC = YES;
				CLANG_ENABLE_OBJC_WEAK = YES;
				CLANG_WARN_BLOCK_CAPTURE_AUTORELEASING = YES;
				CLANG_WARN_BOOL_CONVERSION = YES;
				CLANG_WARN_COMMA = YES;
				CLANG_WARN_CONSTANT_CONVERSION = YES;
				CLANG_WARN_DEPRECATED_OBJC_IMPLEMENTATIONS = YES;
				CLANG_WARN_DIRECT_OBJC_ISA_USAGE = YES_ERROR;
				CLANG_WARN_DOCUMENTATION_COMMENTS = YES;
				CLANG_WARN_EMPTY_BODY = YES;
				CLANG_WARN_ENUM_CONVERSION = YES;
				CLANG_WARN_INFINITE_RECURSION = YES;
				CLANG_WARN_INT_CONVERSION = YES;
				CLANG_WARN_NON_LITERAL_NULL_CONVERSION = YES;
				CLANG_WARN_OBJC_IMPLICIT_RETAIN_SELF = YES;
				CLANG_WARN_OBJC_LITERAL_CONVERSION = YES;
				CLANG_WARN_OBJC_ROOT_CLASS = YES_ERROR;
				CLANG_WARN_RANGE_LOOP_ANALYSIS = YES;
				CLANG_WARN_STRICT_PROTOTYPES = YES;
				CLANG_WARN_SUSPICIOUS_MOVE = YES;
				CLANG_WARN_UNGUARDED_AVAILABILITY = YES_AGGRESSIVE;
				CLANG_WARN_UNREACHABLE_CODE = YES;
				CLANG_WARN__DUPLICATE_METHOD_MATCH = YES;
				COPY_PHASE_STRIP = NO;
				DEBUG_INFORMATION_FORMAT = dwarf;
				ENABLE_STRICT_OBJC_MSGSEND = YES;
				ENABLE_TESTABILITY = YES;
				GCC_C_LANGUAGE_STANDARD = gnu11;
				GCC_DYNAMIC_NO_PIC = NO;
				GCC_NO_COMMON_BLOCKS = YES;
				GCC_OPTIMIZATION_LEVEL = 0;
				GCC_PREPROCESSOR_DEFINITIONS = (
					"DEBUG=1",
					"$(inherited)",
				);
				GCC_WARN_64_TO_32_BIT_CONVERSION = YES;
				GCC_WARN_ABOUT_RETURN_TYPE = YES_ERROR;
				GCC_WARN_UNDECLARED_SELECTOR = YES;
				GCC_WARN_UNINITIALIZED_AUTOS = YES_AGGRESSIVE;
				GCC_WARN_UNUSED_FUNCTION = YES;
				GCC_WARN_UNUSED_VARIABLE = YES;
				IPHONEOS_DEPLOYMENT_TARGET = 13.4;
				MTL_ENABLE_DEBUG_INFO = INCLUDE_SOURCE;
				MTL_FAST_MATH = YES;
				ONLY_ACTIVE_ARCH = YES;
				SDKROOT = iphoneos;
				SWIFT_ACTIVE_COMPILATION_CONDITIONS = DEBUG;
				SWIFT_OPTIMIZATION_LEVEL = "-Onone";
			};
			name = Debug;
		};
		163682B724716F4100C2804E /* Release */ = {
			isa = XCBuildConfiguration;
			buildSettings = {
				ALWAYS_SEARCH_USER_PATHS = NO;
				CLANG_ANALYZER_NONNULL = YES;
				CLANG_ANALYZER_NUMBER_OBJECT_CONVERSION = YES_AGGRESSIVE;
				CLANG_CXX_LANGUAGE_STANDARD = "gnu++14";
				CLANG_CXX_LIBRARY = "libc++";
				CLANG_ENABLE_MODULES = YES;
				CLANG_ENABLE_OBJC_ARC = YES;
				CLANG_ENABLE_OBJC_WEAK = YES;
				CLANG_WARN_BLOCK_CAPTURE_AUTORELEASING = YES;
				CLANG_WARN_BOOL_CONVERSION = YES;
				CLANG_WARN_COMMA = YES;
				CLANG_WARN_CONSTANT_CONVERSION = YES;
				CLANG_WARN_DEPRECATED_OBJC_IMPLEMENTATIONS = YES;
				CLANG_WARN_DIRECT_OBJC_ISA_USAGE = YES_ERROR;
				CLANG_WARN_DOCUMENTATION_COMMENTS = YES;
				CLANG_WARN_EMPTY_BODY = YES;
				CLANG_WARN_ENUM_CONVERSION = YES;
				CLANG_WARN_INFINITE_RECURSION = YES;
				CLANG_WARN_INT_CONVERSION = YES;
				CLANG_WARN_NON_LITERAL_NULL_CONVERSION = YES;
				CLANG_WARN_OBJC_IMPLICIT_RETAIN_SELF = YES;
				CLANG_WARN_OBJC_LITERAL_CONVERSION = YES;
				CLANG_WARN_OBJC_ROOT_CLASS = YES_ERROR;
				CLANG_WARN_RANGE_LOOP_ANALYSIS = YES;
				CLANG_WARN_STRICT_PROTOTYPES = YES;
				CLANG_WARN_SUSPICIOUS_MOVE = YES;
				CLANG_WARN_UNGUARDED_AVAILABILITY = YES_AGGRESSIVE;
				CLANG_WARN_UNREACHABLE_CODE = YES;
				CLANG_WARN__DUPLICATE_METHOD_MATCH = YES;
				COPY_PHASE_STRIP = NO;
				DEBUG_INFORMATION_FORMAT = "dwarf-with-dsym";
				ENABLE_NS_ASSERTIONS = NO;
				ENABLE_STRICT_OBJC_MSGSEND = YES;
				GCC_C_LANGUAGE_STANDARD = gnu11;
				GCC_NO_COMMON_BLOCKS = YES;
				GCC_WARN_64_TO_32_BIT_CONVERSION = YES;
				GCC_WARN_ABOUT_RETURN_TYPE = YES_ERROR;
				GCC_WARN_UNDECLARED_SELECTOR = YES;
				GCC_WARN_UNINITIALIZED_AUTOS = YES_AGGRESSIVE;
				GCC_WARN_UNUSED_FUNCTION = YES;
				GCC_WARN_UNUSED_VARIABLE = YES;
				IPHONEOS_DEPLOYMENT_TARGET = 13.4;
				MTL_ENABLE_DEBUG_INFO = NO;
				MTL_FAST_MATH = YES;
				SDKROOT = iphoneos;
				SWIFT_COMPILATION_MODE = wholemodule;
				SWIFT_OPTIMIZATION_LEVEL = "-O";
				VALIDATE_PRODUCT = YES;
			};
			name = Release;
		};
		163682B924716F4100C2804E /* Debug */ = {
			isa = XCBuildConfiguration;
			baseConfigurationReference = A6C404588E2E09880B475BFB /* Pods-Mogit.debug.xcconfig */;
			buildSettings = {
				ASSETCATALOG_COMPILER_APPICON_NAME = AppIcon;
				CODE_SIGN_STYLE = Automatic;
				DEVELOPMENT_TEAM = B62NGVJ6R8;
				INFOPLIST_FILE = "Mogit/Supporting files/Info.plist";
				LD_RUNPATH_SEARCH_PATHS = (
					"$(inherited)",
					"@executable_path/Frameworks",
				);
				PRODUCT_BUNDLE_IDENTIFIER = com.Mogit;
				PRODUCT_NAME = "$(TARGET_NAME)";
				SWIFT_VERSION = 5.0;
				TARGETED_DEVICE_FAMILY = "1,2";
			};
			name = Debug;
		};
		163682BA24716F4100C2804E /* Release */ = {
			isa = XCBuildConfiguration;
			baseConfigurationReference = 9CDB06FD22EE5F54991AA9AE /* Pods-Mogit.release.xcconfig */;
			buildSettings = {
				ASSETCATALOG_COMPILER_APPICON_NAME = AppIcon;
				CODE_SIGN_STYLE = Automatic;
				DEVELOPMENT_TEAM = B62NGVJ6R8;
				INFOPLIST_FILE = "Mogit/Supporting files/Info.plist";
				LD_RUNPATH_SEARCH_PATHS = (
					"$(inherited)",
					"@executable_path/Frameworks",
				);
				PRODUCT_BUNDLE_IDENTIFIER = com.Mogit;
				PRODUCT_NAME = "$(TARGET_NAME)";
				SWIFT_VERSION = 5.0;
				TARGETED_DEVICE_FAMILY = "1,2";
			};
			name = Release;
		};
/* End XCBuildConfiguration section */

/* Begin XCConfigurationList section */
		1636829F24716F4000C2804E /* Build configuration list for PBXProject "Mogit" */ = {
			isa = XCConfigurationList;
			buildConfigurations = (
				163682B624716F4100C2804E /* Debug */,
				163682B724716F4100C2804E /* Release */,
			);
			defaultConfigurationIsVisible = 0;
			defaultConfigurationName = Release;
		};
		163682B824716F4100C2804E /* Build configuration list for PBXNativeTarget "Mogit" */ = {
			isa = XCConfigurationList;
			buildConfigurations = (
				163682B924716F4100C2804E /* Debug */,
				163682BA24716F4100C2804E /* Release */,
			);
			defaultConfigurationIsVisible = 0;
			defaultConfigurationName = Release;
		};
/* End XCConfigurationList section */
	};
	rootObject = 1636829C24716F4000C2804E /* Project object */;
}
